
Microsoft Visual Studio Solution File, Format Version 12.00
# Visual Studio Version 17
VisualStudioVersion = 17.9.34622.214
MinimumVisualStudioVersion = 10.0.40219.1
Project("{FAE04EC0-301F-11D3-BF4B-00C04F79EFBC}") = "HOME_game", "HOME_game.csproj", "{B09FF196-6465-4E9C-96C3-60440A599AA5}"
EndProject
Global
	GlobalSection(SolutionConfigurationPlatforms) = preSolution
		Debug|Any CPU = Debug|Any CPU
		Release|Any CPU = Release|Any CPU
	EndGlobalSection
	GlobalSection(ProjectConfigurationPlatforms) = postSolution
		{B09FF196-6465-4E9C-96C3-60440A599AA5}.Debug|Any CPU.ActiveCfg = Debug|Any CPU
		{B09FF196-6465-4E9C-96C3-60440A599AA5}.Debug|Any CPU.Build.0 = Debug|Any CPU
		{B09FF196-6465-4E9C-96C3-60440A599AA5}.Release|Any CPU.ActiveCfg = Release|Any CPU
		{B09FF196-6465-4E9C-96C3-60440A599AA5}.Release|Any CPU.Build.0 = Release|Any CPU
	EndGlobalSection
	GlobalSection(SolutionProperties) = preSolution
		HideSolutionNode = FALSE
	EndGlobalSection
	GlobalSection(ExtensibilityGlobals) = postSolution
		SolutionGuid = {01AA86B8-C0BD-4A97-97BD-D09AAE84ADA0}
	EndGlobalSection
EndGlobal
